
Microsoft Visual Studio Solution File, Format Version 12.00
# Visual Studio Version 17
VisualStudioVersion = 17.7.34031.279
MinimumVisualStudioVersion = 10.0.40219.1
Project("{FAE04EC0-301F-11D3-BF4B-00C04F79EFBC}") = "mf-dev-backend-2023", "mf-dev-backend-2023\mf-dev-backend-2023.csproj", "{14A8D400-7BF0-4CFE-9E96-4905F4452903}"
EndProject
Global
	GlobalSection(SolutionConfigurationPlatforms) = preSolution
		Debug|Any CPU = Debug|Any CPU
		Release|Any CPU = Release|Any CPU
	EndGlobalSection
	GlobalSection(ProjectConfigurationPlatforms) = postSolution
		{14A8D400-7BF0-4CFE-9E96-4905F4452903}.Debug|Any CPU.ActiveCfg = Debug|Any CPU
		{14A8D400-7BF0-4CFE-9E96-4905F4452903}.Debug|Any CPU.Build.0 = Debug|Any CPU
		{14A8D400-7BF0-4CFE-9E96-4905F4452903}.Release|Any CPU.ActiveCfg = Release|Any CPU
		{14A8D400-7BF0-4CFE-9E96-4905F4452903}.Release|Any CPU.Build.0 = Release|Any CPU
	EndGlobalSection
	GlobalSection(SolutionProperties) = preSolution
		HideSolutionNode = FALSE
	EndGlobalSection
	GlobalSection(ExtensibilityGlobals) = postSolution
		SolutionGuid = {708BA99D-3214-4776-89BA-172360D1DB01}
	EndGlobalSection
EndGlobal
